
Microsoft Visual Studio Solution File, Format Version 12.00
# Visual Studio Version 17
VisualStudioVersion = 17.14.36310.24
MinimumVisualStudioVersion = 10.0.40219.1
Project("{FAE04EC0-301F-11D3-BF4B-00C04F79EFBC}") = "BetterFateList", "BetterFateList\BetterFateList.csproj", "{257317E7-1742-47BF-B951-4DD9668BBF0B}"
EndProject
Global
	GlobalSection(SolutionConfigurationPlatforms) = preSolution
		Debug|Any CPU = Debug|Any CPU
		Release|Any CPU = Release|Any CPU
	EndGlobalSection
	GlobalSection(ProjectConfigurationPlatforms) = postSolution
		{257317E7-1742-47BF-B951-4DD9668BBF0B}.Debug|Any CPU.ActiveCfg = Debug|x64
		{257317E7-1742-47BF-B951-4DD9668BBF0B}.Debug|Any CPU.Build.0 = Debug|x64
		{257317E7-1742-47BF-B951-4DD9668BBF0B}.Release|Any CPU.ActiveCfg = Release|Any CPU
		{257317E7-1742-47BF-B951-4DD9668BBF0B}.Release|Any CPU.Build.0 = Release|Any CPU
	EndGlobalSection
	GlobalSection(SolutionProperties) = preSolution
		HideSolutionNode = FALSE
	EndGlobalSection
	GlobalSection(ExtensibilityGlobals) = postSolution
		SolutionGuid = {8A1F0C8F-4DED-43D1-B1D1-6A9BE800E248}
	EndGlobalSection
EndGlobal
